Microsoft Visual Studio Solution File, Format Version 12.00
# Visual Studio Version 17
VisualStudioVersion = 17.5.2.0
MinimumVisualStudioVersion = 10.0.40219.1
Project("{FAE04EC0-301F-11D3-BF4B-00C04F79EFBC}") = "GestioneStudenti", "GestioneStudenti.csproj", "{A89FD369-8C2E-0C0E-DE5A-88A7DB5ED919}"
EndProject
Global
	GlobalSection(SolutionConfigurationPlatforms) = preSolution
		Debug|Any CPU = Debug|Any CPU
		Release|Any CPU = Release|Any CPU
	EndGlobalSection
	GlobalSection(ProjectConfigurationPlatforms) = postSolution
		{A89FD369-8C2E-0C0E-DE5A-88A7DB5ED919}.Debug|Any CPU.ActiveCfg = Debug|Any CPU
		{A89FD369-8C2E-0C0E-DE5A-88A7DB5ED919}.Debug|Any CPU.Build.0 = Debug|Any CPU
		{A89FD369-8C2E-0C0E-DE5A-88A7DB5ED919}.Release|Any CPU.ActiveCfg = Release|Any CPU
		{A89FD369-8C2E-0C0E-DE5A-88A7DB5ED919}.Release|Any CPU.Build.0 = Release|Any CPU
	EndGlobalSection
	GlobalSection(SolutionProperties) = preSolution
		HideSolutionNode = FALSE
	EndGlobalSection
	GlobalSection(ExtensibilityGlobals) = postSolution
		SolutionGuid = {59F76A8B-E033-44AB-90BC-FBFD9F314C39}
	EndGlobalSection
EndGlobal
